// !$*UTF8*$!
{
	archiveVersion = 1;
	classes = {
	};
	objectVersion = 50;
	objects = {

/* Begin PBXBuildFile section */
		92970AF525B0F28E0030B5B8 /* AppDelegate.swift in Sources */ = {isa = PBXBuildFile; fileRef = 92970AF425B0F28E0030B5B8 /* AppDelegate.swift */; };
		92970AF725B0F28E0030B5B8 /* SceneDelegate.swift in Sources */ = {isa = PBXBuildFile; fileRef = 92970AF625B0F28E0030B5B8 /* SceneDelegate.swift */; };
		92970AF925B0F28E0030B5B8 /* ViewController.swift in Sources */ = {isa = PBXBuildFile; fileRef = 92970AF825B0F28E0030B5B8 /* ViewController.swift */; };
		92970AFC25B0F28F0030B5B8 /* Main.storyboard in Resources */ = {isa = PBXBuildFile; fileRef = 92970AFA25B0F28F0030B5B8 /* Main.storyboard */; };
		92970AFE25B0F2970030B5B8 /* Assets.xcassets in Resources */ = {isa = PBXBuildFile; fileRef = 92970AFD25B0F2970030B5B8 /* Assets.xcassets */; };
		92970B0125B0F2970030B5B8 /* LaunchScreen.storyboard in Resources */ = {isa = PBXBuildFile; fileRef = 92970AFF25B0F2970030B5B8 /* LaunchScreen.storyboard */; };
		92970B0C25B1003B0030B5B8 /* MathQuestion.swift in Sources */ = {isa = PBXBuildFile; fileRef = 92970B0B25B1003B0030B5B8 /* MathQuestion.swift */; };
		92970B0F25B1004F0030B5B8 /* AdditionQuestion.swift in Sources */ = {isa = PBXBuildFile; fileRef = 92970B0E25B1004F0030B5B8 /* AdditionQuestion.swift */; };
		92970B1225B112D40030B5B8 /* MultiplicationQuestion.swift in Sources */ = {isa = PBXBuildFile; fileRef = 92970B1125B112D40030B5B8 /* MultiplicationQuestion.swift */; };
/* End PBXBuildFile section */

/* Begin PBXFileReference section */
		92970AF125B0F28E0030B5B8 /* MathGame.app */ = {isa = PBXFileReference; explicitFileType = wrapper.application; includeInIndex = 0; path = MathGame.app; sourceTree = BUILT_PRODUCTS_DIR; };
		92970AF425B0F28E0030B5B8 /* AppDelegate.swift */ = {isa = PBXFileReference; lastKnownFileType = sourcecode.swift; path = AppDelegate.swift; sourceTree = "<group>"; };
		92970AF625B0F28E0030B5B8 /* SceneDelegate.swift */ = {isa = PBXFileReference; lastKnownFileType = sourcecode.swift; path = SceneDelegate.swift; sourceTree = "<group>"; };
		92970AF825B0F28E0030B5B8 /* ViewController.swift */ = {isa = PBXFileReference; lastKnownFileType = sourcecode.swift; path = ViewController.swift; sourceTree = "<group>"; };
		92970AFB25B0F28F0030B5B8 /* Base */ = {isa = PBXFileReference; lastKnownFileType = file.storyboard; name = Base; path = Base.lproj/Main.storyboard; sourceTree = "<group>"; };
		92970AFD25B0F2970030B5B8 /* Assets.xcassets */ = {isa = PBXFileReference; lastKnownFileType = folder.assetcatalog; path = Assets.xcassets; sourceTree = "<group>"; };
		92970B0025B0F2970030B5B8 /* Base */ = {isa = PBXFileReference; lastKnownFileType = file.storyboard; name = Base; path = Base.lproj/LaunchScreen.storyboard; sourceTree = "<group>"; };
		92970B0225B0F2970030B5B8 /* Info.plist */ = {isa = PBXFileReference; lastKnownFileType = text.plist.xml; path = Info.plist; sourceTree = "<group>"; };
		92970B0B25B1003B0030B5B8 /* MathQuestion.swift */ = {isa = PBXFileReference; lastKnownFileType = sourcecode.swift; path = MathQuestion.swift; sourceTree = "<group>"; };
		92970B0E25B1004F0030B5B8 /* AdditionQuestion.swift */ = {isa = PBXFileReference; lastKnownFileType = sourcecode.swift; path = AdditionQuestion.swift; sourceTree = "<group>"; };
		92970B1125B112D40030B5B8 /* MultiplicationQuestion.swift */ = {isa = PBXFileReference; lastKnownFileType = sourcecode.swift; path = MultiplicationQuestion.swift; sourceTree = "<group>"; };
/* End PBXFileReference section */

/* Begin PBXFrameworksBuildPhase section */
		92970AEE25B0F28E0030B5B8 /* Frameworks */ = {
			isa = PBXFrameworksBuildPhase;
			buildActionMask = 2147483647;
			files = (
			);
			runOnlyForDeploymentPostprocessing = 0;
		};
/* End PBXFrameworksBuildPhase section */

/* Begin PBXGroup section */
		92970AE825B0F28E0030B5B8 = {
			isa = PBXGroup;
			children = (
				92970AF325B0F28E0030B5B8 /* MathGame */,
				92970AF225B0F28E0030B5B8 /* Products */,
			);
			sourceTree = "<group>";
		};
		92970AF225B0F28E0030B5B8 /* Products */ = {
			isa = PBXGroup;
			children = (
				92970AF125B0F28E0030B5B8 /* MathGame.app */,
			);
			name = Products;
			sourceTree = "<group>";
		};
		92970AF325B0F28E0030B5B8 /* MathGame */ = {
			isa = PBXGroup;
			children = (
				92970AF425B0F28E0030B5B8 /* AppDelegate.swift */,
				92970AF625B0F28E0030B5B8 /* SceneDelegate.swift */,
				92970AF825B0F28E0030B5B8 /* ViewController.swift */,
				92970AFA25B0F28F0030B5B8 /* Main.storyboard */,
				92970AFD25B0F2970030B5B8 /* Assets.xcassets */,
				92970AFF25B0F2970030B5B8 /* LaunchScreen.storyboard */,
				92970B0225B0F2970030B5B8 /* Info.plist */,
				92970B0B25B1003B0030B5B8 /* MathQuestion.swift */,
				92970B0E25B1004F0030B5B8 /* AdditionQuestion.swift */,
				92970B1125B112D40030B5B8 /* MultiplicationQuestion.swift */,
			);
			path = MathGame;
			sourceTree = "<group>";
		};
/* End PBXGroup section */

/* Begin PBXNativeTarget section */
		92970AF025B0F28E0030B5B8 /* MathGame */ = {
			isa = PBXNativeTarget;
			buildConfigurationList = 92970B0525B0F2970030B5B8 /* Build configuration list for PBXNativeTarget "MathGame" */;
			buildPhases = (
				92970AED25B0F28E0030B5B8 /* Sources */,
				92970AEE25B0F28E0030B5B8 /* Frameworks */,
				92970AEF25B0F28E0030B5B8 /* Resources */,
			);
			buildRules = (
			);
			dependencies = (
			);
			name = MathGame;
			productName = MathGame;
			productReference = 92970AF125B0F28E0030B5B8 /* MathGame.app */;
			productType = "com.apple.product-type.application";
		};
/* End PBXNativeTarget section */

/* Begin PBXProject section */
		92970AE925B0F28E0030B5B8 /* Project object */ = {
			isa = PBXProject;
			attributes = {
				LastSwiftUpdateCheck = 1230;
				LastUpgradeCheck = 1230;
				TargetAttributes = {
					92970AF025B0F28E0030B5B8 = {
						CreatedOnToolsVersion = 12.3;
					};
				};
			};
			buildConfigurationList = 92970AEC25B0F28E0030B5B8 /* Build configuration list for PBXProject "MathGame" */;
			compatibilityVersion = "Xcode 9.3";
			developmentRegion = en;
			hasScannedForEncodings = 0;
			knownRegions = (
				en,
				Base,
			);
			mainGroup = 92970AE825B0F28E0030B5B8;
			productRefGroup = 92970AF225B0F28E0030B5B8 /* Products */;
			projectDirPath = "";
			projectRoot = "";
			targets = (
				92970AF025B0F28E0030B5B8 /* MathGame */,
			);
		};
/* End PBXProject section */

/* Begin PBXResourcesBuildPhase section */
		92970AEF25B0F28E0030B5B8 /* Resources */ = {
			isa = PBXResourcesBuildPhase;
			buildActionMask = 2147483647;
			files = (
				92970B0125B0F2970030B5B8 /* LaunchScreen.storyboard in Resources */,
				92970AFE25B0F2970030B5B8 /* Assets.xcassets in Resources */,
				92970AFC25B0F28F0030B5B8 /* Main.storyboard in Resources */,
			);
			runOnlyForDeploymentPostprocessing = 0;
		};
/* End PBXResourcesBuildPhase section */

/* Begin PBXSourcesBuildPhase section */
		92970AED25B0F28E0030B5B8 /* Sources */ = {
			isa = PBXSourcesBuildPhase;
			buildActionMask = 2147483647;
			files = (
				92970AF925B0F28E0030B5B8 /* ViewController.swift in Sources */,
				92970B0F25B1004F0030B5B8 /* AdditionQuestion.swift in Sources */,
				92970AF525B0F28E0030B5B8 /* AppDelegate.swift in Sources */,
				92970B1225B112D40030B5B8 /* MultiplicationQuestion.swift in Sources */,
				92970AF725B0F28E0030B5B8 /* SceneDelegate.swift in Sources */,
				92970B0C25B1003B0030B5B8 /* MathQuestion.swift in Sources */,
			);
			runOnlyForDeploymentPostprocessing = 0;
		};
/* End PBXSourcesBuildPhase section */

/* Begin PBXVariantGroup section */
		92970AFA25B0F28F0030B5B8 /* Main.storyboard */ = {
			isa = PBXVariantGroup;
			children = (
				92970AFB25B0F28F0030B5B8 /* Base */,
			);
			name = Main.storyboard;
			sourceTree = "<group>";
		};
		92970AFF25B0F2970030B5B8 /* LaunchScreen.storyboard */ = {
			isa = PBXVariantGroup;
			children = (
				92970B0025B0F2970030B5B8 /* Base */,
			);
			name = LaunchScreen.storyboard;
			sourceTree = "<group>";
		};
/* End PBXVariantGroup section */

/* Begin XCBuildConfiguration section */
		92970B0325B0F2970030B5B8 /* Debug */ = {
			isa = XCBuildConfiguration;
			buildSettings = {
				ALWAYS_SEARCH_USER_PATHS = NO;
				CLANG_ANALYZER_NONNULL = YES;
				CLANG_ANALYZER_NUMBER_OBJECT_CONVERSION = YES_AGGRESSIVE;
				CLANG_CXX_LANGUAGE_STANDARD = "gnu++14";
				CLANG_CXX_LIBRARY = "libc++";
				CLANG_ENABLE_MODULES = YES;
				CLANG_ENABLE_OBJC_ARC = YES;
				CLANG_ENABLE_OBJC_WEAK = YES;
				CLANG_WARN_BLOCK_CAPTURE_AUTORELEASING = YES;
				CLANG_WARN_BOOL_CONVERSION = YES;
				CLANG_WARN_COMMA = YES;
				CLANG_WARN_CONSTANT_CONVERSION = YES;
				CLANG_WARN_DEPRECATED_OBJC_IMPLEMENTATIONS = YES;
				CLANG_WARN_DIRECT_OBJC_ISA_USAGE = YES_ERROR;
				CLANG_WARN_DOCUMENTATION_COMMENTS = YES;
				CLANG_WARN_EMPTY_BODY = YES;
				CLANG_WARN_ENUM_CONVERSION = YES;
				CLANG_WARN_INFINITE_RECURSION = YES;
				CLANG_WARN_INT_CONVERSION = YES;
				CLANG_WARN_NON_LITERAL_NULL_CONVERSION = YES;
				CLANG_WARN_OBJC_IMPLICIT_RETAIN_SELF = YES;
				CLANG_WARN_OBJC_LITERAL_CONVERSION = YES;
				CLANG_WARN_OBJC_ROOT_CLASS = YES_ERROR;
				CLANG_WARN_QUOTED_INCLUDE_IN_FRAMEWORK_HEADER = YES;
				CLANG_WARN_RANGE_LOOP_ANALYSIS = YES;
				CLANG_WARN_STRICT_PROTOTYPES = YES;
				CLANG_WARN_SUSPICIOUS_MOVE = YES;
				CLANG_WARN_UNGUARDED_AVAILABILITY = YES_AGGRESSIVE;
				CLANG_WARN_UNREACHABLE_CODE = YES;
				CLANG_WARN__DUPLICATE_METHOD_MATCH = YES;
				COPY_PHASE_STRIP = NO;
				DEBUG_INFORMATION_FORMAT = dwarf;
				ENABLE_STRICT_OBJC_MSGSEND = YES;
				ENABLE_TESTABILITY = YES;
				GCC_C_LANGUAGE_STANDARD = gnu11;
				GCC_DYNAMIC_NO_PIC = NO;
				GCC_NO_COMMON_BLOCKS = YES;
				GCC_OPTIMIZATION_LEVEL = 0;
				GCC_PREPROCESSOR_DEFINITIONS = (
					"DEBUG=1",
					"$(inherited)",
				);
				GCC_WARN_64_TO_32_BIT_CONVERSION = YES;
				GCC_WARN_ABOUT_RETURN_TYPE = YES_ERROR;
				GCC_WARN_UNDECLARED_SELECTOR = YES;
				GCC_WARN_UNINITIALIZED_AUTOS = YES_AGGRESSIVE;
				GCC_WARN_UNUSED_FUNCTION = YES;
				GCC_WARN_UNUSED_VARIABLE = YES;
				IPHONEOS_DEPLOYMENT_TARGET = 14.3;
				MTL_ENABLE_DEBUG_INFO = INCLUDE_SOURCE;
				MTL_FAST_MATH = YES;
				ONLY_ACTIVE_ARCH = YES;
				SDKROOT = iphoneos;
				SWIFT_ACTIVE_COMPILATION_CONDITIONS = DEBUG;
				SWIFT_OPTIMIZATION_LEVEL = "-Onone";
			};
			name = Debug;
		};
		92970B0425B0F2970030B5B8 /* Release */ = {
			isa = XCBuildConfiguration;
			buildSettings = {
				ALWAYS_SEARCH_USER_PATHS = NO;
				CLANG_ANALYZER_NONNULL = YES;
				CLANG_ANALYZER_NUMBER_OBJECT_CONVERSION = YES_AGGRESSIVE;
				CLANG_CXX_LANGUAGE_STANDARD = "gnu++14";
				CLANG_CXX_LIBRARY = "libc++";
				CLANG_ENABLE_MODULES = YES;
				CLANG_ENABLE_OBJC_ARC = YES;
				CLANG_ENABLE_OBJC_WEAK = YES;
				CLANG_WARN_BLOCK_CAPTURE_AUTORELEASING = YES;
				CLANG_WARN_BOOL_CONVERSION = YES;
				CLANG_WARN_COMMA = YES;
				CLANG_WARN_CONSTANT_CONVERSION = YES;
				CLANG_WARN_DEPRECATED_OBJC_IMPLEMENTATIONS = YES;
				CLANG_WARN_DIRECT_OBJC_ISA_USAGE = YES_ERROR;
				CLANG_WARN_DOCUMENTATION_COMMENTS = YES;
				CLANG_WARN_EMPTY_BODY = YES;
				CLANG_WARN_ENUM_CONVERSION = YES;
				CLANG_WARN_INFINITE_RECURSION = YES;
				CLANG_WARN_INT_CONVERSION = YES;
				CLANG_WARN_NON_LITERAL_NULL_CONVERSION = YES;
				CLANG_WARN_OBJC_IMPLICIT_RETAIN_SELF = YES;
				CLANG_WARN_OBJC_LITERAL_CONVERSION = YES;
				CLANG_WARN_OBJC_ROOT_CLASS = YES_ERROR;
				CLANG_WARN_QUOTED_INCLUDE_IN_FRAMEWORK_HEADER = YES;
				CLANG_WARN_RANGE_LOOP_ANALYSIS = YES;
				CLANG_WARN_STRICT_PROTOTYPES = YES;
				CLANG_WARN_SUSPICIOUS_MOVE = YES;
				CLANG_WARN_UNGUARDED_AVAILABILITY = YES_AGGRESSIVE;
				CLANG_WARN_UNREACHABLE_CODE = YES;
				CLANG_WARN__DUPLICATE_METHOD_MATCH = YES;
				COPY_PHASE_STRIP = NO;
				DEBUG_INFORMATION_FORMAT = "dwarf-with-dsym";
				ENABLE_NS_ASSERTIONS = NO;
				ENABLE_STRICT_OBJC_MSGSEND = YES;
				GCC_C_LANGUAGE_STANDARD = gnu11;
				GCC_NO_COMMON_BLOCKS = YES;
				GCC_WARN_64_TO_32_BIT_CONVERSION = YES;
				GCC_WARN_ABOUT_RETURN_TYPE = YES_ERROR;
				GCC_WARN_UNDECLARED_SELECTOR = YES;
				GCC_WARN_UNINITIALIZED_AUTOS = YES_AGGRESSIVE;
				GCC_WARN_UNUSED_FUNCTION = YES;
				GCC_WARN_UNUSED_VARIABLE = YES;
				IPHONEOS_DEPLOYMENT_TARGET = 14.3;
				MTL_ENABLE_DEBUG_INFO = NO;
				MTL_FAST_MATH = YES;
				SDKROOT = iphoneos;
				SWIFT_COMPILATION_MODE = wholemodule;
				SWIFT_OPTIMIZATION_LEVEL = "-O";
				VALIDATE_PRODUCT = YES;
			};
			name = Release;
		};
		92970B0625B0F2970030B5B8 /* Debug */ = {
			isa = XCBuildConfiguration;
			buildSettings = {
				ASSETCATALOG_COMPILER_APPICON_NAME = AppIcon;
				ASSETCATALOG_COMPILER_GLOBAL_ACCENT_COLOR_NAME = AccentColor;
				CODE_SIGN_STYLE = Automatic;
				INFOPLIST_FILE = MathGame/Info.plist;
				LD_RUNPATH_SEARCH_PATHS = (
					"$(inherited)",
					"@executable_path/Frameworks",
				);
				PRODUCT_BUNDLE_IDENTIFIER = "A01199219-Angus-Lai.MathGame";
				PRODUCT_NAME = "$(TARGET_NAME)";
				SWIFT_VERSION = 5.0;
				TARGETED_DEVICE_FAMILY = "1,2";
			};
			name = Debug;
		};
		92970B0725B0F2970030B5B8 /* Release */ = {
			isa = XCBuildConfiguration;
			buildSettings = {
				ASSETCATALOG_COMPILER_APPICON_NAME = AppIcon;
				ASSETCATALOG_COMPILER_GLOBAL_ACCENT_COLOR_NAME = AccentColor;
				CODE_SIGN_STYLE = Automatic;
				INFOPLIST_FILE = MathGame/Info.plist;
				LD_RUNPATH_SEARCH_PATHS = (
					"$(inherited)",
					"@executable_path/Frameworks",
				);
				PRODUCT_BUNDLE_IDENTIFIER = "A01199219-Angus-Lai.MathGame";
				PRODUCT_NAME = "$(TARGET_NAME)";
				SWIFT_VERSION = 5.0;
				TARGETED_DEVICE_FAMILY = "1,2";
			};
			name = Release;
		};
/* End XCBuildConfiguration section */

/* Begin XCConfigurationList section */
		92970AEC25B0F28E0030B5B8 /* Build configuration list for PBXProject "MathGame" */ = {
			isa = XCConfigurationList;
			buildConfigurations = (
				92970B0325B0F2970030B5B8 /* Debug */,
				92970B0425B0F2970030B5B8 /* Release */,
			);
			defaultConfigurationIsVisible = 0;
			defaultConfigurationName = Release;
		};
		92970B0525B0F2970030B5B8 /* Build configuration list for PBXNativeTarget "MathGame" */ = {
			isa = XCConfigurationList;
			buildConfigurations = (
				92970B0625B0F2970030B5B8 /* Debug */,
				92970B0725B0F2970030B5B8 /* Release */,
			);
			defaultConfigurationIsVisible = 0;
			defaultConfigurationName = Release;
		};
/* End XCConfigurationList section */
	};
	rootObject = 92970AE925B0F28E0030B5B8 /* Project object */;
}
